
Microsoft Visual Studio Solution File, Format Version 12.00
# Visual Studio Version 17
VisualStudioVersion = 17.0.31903.59
MinimumVisualStudioVersion = 10.0.40219.1
Project("{FAE04EC0-301F-11D3-BF4B-00C04F79EFBC}") = "API", "API\API.csproj", "{9E4ABCE0-EB7C-4BEB-A3E7-5AD7187FF199}"
EndProject
Project("{FAE04EC0-301F-11D3-BF4B-00C04F79EFBC}") = "Core", "Core\Core.csproj", "{660CF474-D0CB-4097-94B1-C7AFBB3F17C6}"
EndProject
Project("{FAE04EC0-301F-11D3-BF4B-00C04F79EFBC}") = "Infrastructure", "Infrastructure\Infrastructure.csproj", "{A5D35DAC-B9A4-4DAD-A2AB-73387665922F}"
EndProject
Global
	GlobalSection(SolutionConfigurationPlatforms) = preSolution
		Debug|Any CPU = Debug|Any CPU
		Release|Any CPU = Release|Any CPU
	EndGlobalSection
	GlobalSection(SolutionProperties) = preSolution
		HideSolutionNode = FALSE
	EndGlobalSection
	GlobalSection(ProjectConfigurationPlatforms) = postSolution
		{9E4ABCE0-EB7C-4BEB-A3E7-5AD7187FF199}.Debug|Any CPU.ActiveCfg = Debug|Any CPU
		{9E4ABCE0-EB7C-4BEB-A3E7-5AD7187FF199}.Debug|Any CPU.Build.0 = Debug|Any CPU
		{9E4ABCE0-EB7C-4BEB-A3E7-5AD7187FF199}.Release|Any CPU.ActiveCfg = Release|Any CPU
		{9E4ABCE0-EB7C-4BEB-A3E7-5AD7187FF199}.Release|Any CPU.Build.0 = Release|Any CPU
		{660CF474-D0CB-4097-94B1-C7AFBB3F17C6}.Debug|Any CPU.ActiveCfg = Debug|Any CPU
		{660CF474-D0CB-4097-94B1-C7AFBB3F17C6}.Debug|Any CPU.Build.0 = Debug|Any CPU
		{660CF474-D0CB-4097-94B1-C7AFBB3F17C6}.Release|Any CPU.ActiveCfg = Release|Any CPU
		{660CF474-D0CB-4097-94B1-C7AFBB3F17C6}.Release|Any CPU.Build.0 = Release|Any CPU
		{A5D35DAC-B9A4-4DAD-A2AB-73387665922F}.Debug|Any CPU.ActiveCfg = Debug|Any CPU
		{A5D35DAC-B9A4-4DAD-A2AB-73387665922F}.Debug|Any CPU.Build.0 = Debug|Any CPU
		{A5D35DAC-B9A4-4DAD-A2AB-73387665922F}.Release|Any CPU.ActiveCfg = Release|Any CPU
		{A5D35DAC-B9A4-4DAD-A2AB-73387665922F}.Release|Any CPU.Build.0 = Release|Any CPU
	EndGlobalSection
EndGlobal
